
Microsoft Visual Studio Solution File, Format Version 12.00
# Visual Studio 15
VisualStudioVersion = 15.0.27703.2026
MinimumVisualStudioVersion = 10.0.40219.1
Project("{FAE04EC0-301F-11D3-BF4B-00C04F79EFBC}") = "Bingo", "Bingo\Bingo.csproj", "{3A2034D8-0A10-42D5-8386-EBB615410178}"
EndProject
Project("{2150E333-8FDC-42A3-9474-1A3956D46DE8}") = "BingoGame", "BingoGame", "{45A63A83-150B-4078-978C-2CA65830678F}"
EndProject
Project("{FAE04EC0-301F-11D3-BF4B-00C04F79EFBC}") = "BingoEngine", "BingoEngine\BingoEngine\BingoEngine.csproj", "{8771043A-9869-45D9-AF78-8C1A0EE739C8}"
EndProject
Global
	GlobalSection(SolutionConfigurationPlatforms) = preSolution
		Debug|Any CPU = Debug|Any CPU
		Release|Any CPU = Release|Any CPU
	EndGlobalSection
	GlobalSection(ProjectConfigurationPlatforms) = postSolution
		{3A2034D8-0A10-42D5-8386-EBB615410178}.Debug|Any CPU.ActiveCfg = Debug|Any CPU
		{3A2034D8-0A10-42D5-8386-EBB615410178}.Debug|Any CPU.Build.0 = Debug|Any CPU
		{3A2034D8-0A10-42D5-8386-EBB615410178}.Release|Any CPU.ActiveCfg = Release|Any CPU
		{3A2034D8-0A10-42D5-8386-EBB615410178}.Release|Any CPU.Build.0 = Release|Any CPU
		{8771043A-9869-45D9-AF78-8C1A0EE739C8}.Debug|Any CPU.ActiveCfg = Debug|Any CPU
		{8771043A-9869-45D9-AF78-8C1A0EE739C8}.Debug|Any CPU.Build.0 = Debug|Any CPU
		{8771043A-9869-45D9-AF78-8C1A0EE739C8}.Release|Any CPU.ActiveCfg = Release|Any CPU
		{8771043A-9869-45D9-AF78-8C1A0EE739C8}.Release|Any CPU.Build.0 = Release|Any CPU
	EndGlobalSection
	GlobalSection(SolutionProperties) = preSolution
		HideSolutionNode = FALSE
	EndGlobalSection
	GlobalSection(NestedProjects) = preSolution
		{3A2034D8-0A10-42D5-8386-EBB615410178} = {45A63A83-150B-4078-978C-2CA65830678F}
		{8771043A-9869-45D9-AF78-8C1A0EE739C8} = {45A63A83-150B-4078-978C-2CA65830678F}
	EndGlobalSection
	GlobalSection(ExtensibilityGlobals) = postSolution
		SolutionGuid = {170573E4-3C16-4336-AF94-6418D50F5820}
	EndGlobalSection
EndGlobal
